// !$*UTF8*$!
{
	archiveVersion = 1;
	classes = {
	};
	objectVersion = 46;
	objects = {

/* Begin PBXBuildFile section */
		8BC0222B1E6860EE0064EC8A /* AppDelegate.swift in Sources */ = {isa = PBXBuildFile; fileRef = 8BC0222A1E6860EE0064EC8A /* AppDelegate.swift */; };
		8BC0222D1E6860EE0064EC8A /* ViewController.swift in Sources */ = {isa = PBXBuildFile; fileRef = 8BC0222C1E6860EE0064EC8A /* ViewController.swift */; };
		8BC022301E6860EE0064EC8A /* Main.storyboard in Resources */ = {isa = PBXBuildFile; fileRef = 8BC0222E1E6860EE0064EC8A /* Main.storyboard */; };
		8BC022321E6860EE0064EC8A /* Assets.xcassets in Resources */ = {isa = PBXBuildFile; fileRef = 8BC022311E6860EE0064EC8A /* Assets.xcassets */; };
		8BC022351E6860EE0064EC8A /* LaunchScreen.storyboard in Resources */ = {isa = PBXBuildFile; fileRef = 8BC022331E6860EE0064EC8A /* LaunchScreen.storyboard */; };
		8BC022401E6860EE0064EC8A /* FoodTrackerTests.swift in Sources */ = {isa = PBXBuildFile; fileRef = 8BC0223F1E6860EE0064EC8A /* FoodTrackerTests.swift */; };
/* End PBXBuildFile section */

/* Begin PBXContainerItemProxy section */
		8BC0223C1E6860EE0064EC8A /* PBXContainerItemProxy */ = {
			isa = PBXContainerItemProxy;
			containerPortal = 8BC0221F1E6860EE0064EC8A /* Project object */;
			proxyType = 1;
			remoteGlobalIDString = 8BC022261E6860EE0064EC8A;
			remoteInfo = FoodTracker;
		};
/* End PBXContainerItemProxy section */

/* Begin PBXFileReference section */
		8BC022271E6860EE0064EC8A /* FoodTracker.app */ = {isa = PBXFileReference; explicitFileType = wrapper.application; includeInIndex = 0; path = FoodTracker.app; sourceTree = BUILT_PRODUCTS_DIR; };
		8BC0222A1E6860EE0064EC8A /* AppDelegate.swift */ = {isa = PBXFileReference; lastKnownFileType = sourcecode.swift; path = AppDelegate.swift; sourceTree = "<group>"; };
		8BC0222C1E6860EE0064EC8A /* ViewController.swift */ = {isa = PBXFileReference; lastKnownFileType = sourcecode.swift; path = ViewController.swift; sourceTree = "<group>"; };
		8BC0222F1E6860EE0064EC8A /* Base */ = {isa = PBXFileReference; lastKnownFileType = file.storyboard; name = Base; path = Base.lproj/Main.storyboard; sourceTree = "<group>"; };
		8BC022311E6860EE0064EC8A /* Assets.xcassets */ = {isa = PBXFileReference; lastKnownFileType = folder.assetcatalog; path = Assets.xcassets; sourceTree = "<group>"; };
		8BC022341E6860EE0064EC8A /* Base */ = {isa = PBXFileReference; lastKnownFileType = file.storyboard; name = Base; path = Base.lproj/LaunchScreen.storyboard; sourceTree = "<group>"; };
		8BC022361E6860EE0064EC8A /* Info.plist */ = {isa = PBXFileReference; lastKnownFileType = text.plist.xml; path = Info.plist; sourceTree = "<group>"; };
		8BC0223B1E6860EE0064EC8A /* FoodTrackerTests.xctest */ = {isa = PBXFileReference; explicitFileType = wrapper.cfbundle; includeInIndex = 0; path = FoodTrackerTests.xctest; sourceTree = BUILT_PRODUCTS_DIR; };
		8BC0223F1E6860EE0064EC8A /* FoodTrackerTests.swift */ = {isa = PBXFileReference; lastKnownFileType = sourcecode.swift; path = FoodTrackerTests.swift; sourceTree = "<group>"; };
		8BC022411E6860EE0064EC8A /* Info.plist */ = {isa = PBXFileReference; lastKnownFileType = text.plist.xml; path = Info.plist; sourceTree = "<group>"; };
/* End PBXFileReference section */

/* Begin PBXFrameworksBuildPhase section */
		8BC022241E6860EE0064EC8A /* Frameworks */ = {
			isa = PBXFrameworksBuildPhase;
			buildActionMask = 2147483647;
			files = (
			);
			runOnlyForDeploymentPostprocessing = 0;
		};
		8BC022381E6860EE0064EC8A /* Frameworks */ = {
			isa = PBXFrameworksBuildPhase;
			buildActionMask = 2147483647;
			files = (
			);
			runOnlyForDeploymentPostprocessing = 0;
		};
/* End PBXFrameworksBuildPhase section */

/* Begin PBXGroup section */
		8BC0221E1E6860EE0064EC8A = {
			isa = PBXGroup;
			children = (
				8BC022291E6860EE0064EC8A /* FoodTracker */,
				8BC0223E1E6860EE0064EC8A /* FoodTrackerTests */,
				8BC022281E6860EE0064EC8A /* Products */,
			);
			sourceTree = "<group>";
		};
		8BC022281E6860EE0064EC8A /* Products */ = {
			isa = PBXGroup;
			children = (
				8BC022271E6860EE0064EC8A /* FoodTracker.app */,
				8BC0223B1E6860EE0064EC8A /* FoodTrackerTests.xctest */,
			);
			name = Products;
			sourceTree = "<group>";
		};
		8BC022291E6860EE0064EC8A /* FoodTracker */ = {
			isa = PBXGroup;
			children = (
				8BC0222A1E6860EE0064EC8A /* AppDelegate.swift */,
				8BC0222C1E6860EE0064EC8A /* ViewController.swift */,
				8BC0222E1E6860EE0064EC8A /* Main.storyboard */,
				8BC022311E6860EE0064EC8A /* Assets.xcassets */,
				8BC022331E6860EE0064EC8A /* LaunchScreen.storyboard */,
				8BC022361E6860EE0064EC8A /* Info.plist */,
			);
			path = FoodTracker;
			sourceTree = "<group>";
		};
		8BC0223E1E6860EE0064EC8A /* FoodTrackerTests */ = {
			isa = PBXGroup;
			children = (
				8BC0223F1E6860EE0064EC8A /* FoodTrackerTests.swift */,
				8BC022411E6860EE0064EC8A /* Info.plist */,
			);
			path = FoodTrackerTests;
			sourceTree = "<group>";
		};
/* End PBXGroup section */

/* Begin PBXNativeTarget section */
		8BC022261E6860EE0064EC8A /* FoodTracker */ = {
			isa = PBXNativeTarget;
			buildConfigurationList = 8BC022441E6860EE0064EC8A /* Build configuration list for PBXNativeTarget "FoodTracker" */;
			buildPhases = (
				8BC022231E6860EE0064EC8A /* Sources */,
				8BC022241E6860EE0064EC8A /* Frameworks */,
				8BC022251E6860EE0064EC8A /* Resources */,
			);
			buildRules = (
			);
			dependencies = (
			);
			name = FoodTracker;
			productName = FoodTracker;
			productReference = 8BC022271E6860EE0064EC8A /* FoodTracker.app */;
			productType = "com.apple.product-type.application";
		};
		8BC0223A1E6860EE0064EC8A /* FoodTrackerTests */ = {
			isa = PBXNativeTarget;
			buildConfigurationList = 8BC022471E6860EE0064EC8A /* Build configuration list for PBXNativeTarget "FoodTrackerTests" */;
			buildPhases = (
				8BC022371E6860EE0064EC8A /* Sources */,
				8BC022381E6860EE0064EC8A /* Frameworks */,
				8BC022391E6860EE0064EC8A /* Resources */,
			);
			buildRules = (
			);
			dependencies = (
				8BC0223D1E6860EE0064EC8A /* PBXTargetDependency */,
			);
			name = FoodTrackerTests;
			productName = FoodTrackerTests;
			productReference = 8BC0223B1E6860EE0064EC8A /* FoodTrackerTests.xctest */;
			productType = "com.apple.product-type.bundle.unit-test";
		};
/* End PBXNativeTarget section */

/* Begin PBXProject section */
		8BC0221F1E6860EE0064EC8A /* Project object */ = {
			isa = PBXProject;
			attributes = {
				LastSwiftUpdateCheck = 0810;
				LastUpgradeCheck = 0810;
				ORGANIZATIONNAME = "Les Company";
				TargetAttributes = {
					8BC022261E6860EE0064EC8A = {
						CreatedOnToolsVersion = 8.1;
						ProvisioningStyle = Automatic;
					};
					8BC0223A1E6860EE0064EC8A = {
						CreatedOnToolsVersion = 8.1;
						ProvisioningStyle = Automatic;
						TestTargetID = 8BC022261E6860EE0064EC8A;
					};
				};
			};
			buildConfigurationList = 8BC022221E6860EE0064EC8A /* Build configuration list for PBXProject "FoodTracker" */;
			compatibilityVersion = "Xcode 3.2";
			developmentRegion = English;
			hasScannedForEncodings = 0;
			knownRegions = (
				en,
				Base,
			);
			mainGroup = 8BC0221E1E6860EE0064EC8A;
			productRefGroup = 8BC022281E6860EE0064EC8A /* Products */;
			projectDirPath = "";
			projectRoot = "";
			targets = (
				8BC022261E6860EE0064EC8A /* FoodTracker */,
				8BC0223A1E6860EE0064EC8A /* FoodTrackerTests */,
			);
		};
/* End PBXProject section */

/* Begin PBXResourcesBuildPhase section */
		8BC022251E6860EE0064EC8A /* Resources */ = {
			isa = PBXResourcesBuildPhase;
			buildActionMask = 2147483647;
			files = (
				8BC022351E6860EE0064EC8A /* LaunchScreen.storyboard in Resources */,
				8BC022321E6860EE0064EC8A /* Assets.xcassets in Resources */,
				8BC022301E6860EE0064EC8A /* Main.storyboard in Resources */,
			);
			runOnlyForDeploymentPostprocessing = 0;
		};
		8BC022391E6860EE0064EC8A /* Resources */ = {
			isa = PBXResourcesBuildPhase;
			buildActionMask = 2147483647;
			files = (
			);
			runOnlyForDeploymentPostprocessing = 0;
		};
/* End PBXResourcesBuildPhase section */

/* Begin PBXSourcesBuildPhase section */
		8BC022231E6860EE0064EC8A /* Sources */ = {
			isa = PBXSourcesBuildPhase;
			buildActionMask = 2147483647;
			files = (
				8BC0222D1E6860EE0064EC8A /* ViewController.swift in Sources */,
				8BC0222B1E6860EE0064EC8A /* AppDelegate.swift in Sources */,
			);
			runOnlyForDeploymentPostprocessing = 0;
		};
		8BC022371E6860EE0064EC8A /* Sources */ = {
			isa = PBXSourcesBuildPhase;
			buildActionMask = 2147483647;
			files = (
				8BC022401E6860EE0064EC8A /* FoodTrackerTests.swift in Sources */,
			);
			runOnlyForDeploymentPostprocessing = 0;
		};
/* End PBXSourcesBuildPhase section */

/* Begin PBXTargetDependency section */
		8BC0223D1E6860EE0064EC8A /* PBXTargetDependency */ = {
			isa = PBXTargetDependency;
			target = 8BC022261E6860EE0064EC8A /* FoodTracker */;
			targetProxy = 8BC0223C1E6860EE0064EC8A /* PBXContainerItemProxy */;
		};
/* End PBXTargetDependency section */

/* Begin PBXVariantGroup section */
		8BC0222E1E6860EE0064EC8A /* Main.storyboard */ = {
			isa = PBXVariantGroup;
			children = (
				8BC0222F1E6860EE0064EC8A /* Base */,
			);
			name = Main.storyboard;
			sourceTree = "<group>";
		};
		8BC022331E6860EE0064EC8A /* LaunchScreen.storyboard */ = {
			isa = PBXVariantGroup;
			children = (
				8BC022341E6860EE0064EC8A /* Base */,
			);
			name = LaunchScreen.storyboard;
			sourceTree = "<group>";
		};
/* End PBXVariantGroup section */

/* Begin XCBuildConfiguration section */
		8BC022421E6860EE0064EC8A /* Debug */ = {
			isa = XCBuildConfiguration;
			buildSettings = {
				ALWAYS_SEARCH_USER_PATHS = NO;
				CLANG_ANALYZER_NONNULL = YES;
				CLANG_CXX_LANGUAGE_STANDARD = "gnu++0x";
				CLANG_CXX_LIBRARY = "libc++";
				CLANG_ENABLE_MODULES = YES;
				CLANG_ENABLE_OBJC_ARC = YES;
				CLANG_WARN_BOOL_CONVERSION = YES;
				CLANG_WARN_CONSTANT_CONVERSION = YES;
				CLANG_WARN_DIRECT_OBJC_ISA_USAGE = YES_ERROR;
				CLANG_WARN_DOCUMENTATION_COMMENTS = YES;
				CLANG_WARN_EMPTY_BODY = YES;
				CLANG_WARN_ENUM_CONVERSION = YES;
				CLANG_WARN_INFINITE_RECURSION = YES;
				CLANG_WARN_INT_CONVERSION = YES;
				CLANG_WARN_OBJC_ROOT_CLASS = YES_ERROR;
				CLANG_WARN_SUSPICIOUS_MOVES = YES;
				CLANG_WARN_UNREACHABLE_CODE = YES;
				CLANG_WARN__DUPLICATE_METHOD_MATCH = YES;
				"CODE_SIGN_IDENTITY[sdk=iphoneos*]" = "iPhone Developer";
				COPY_PHASE_STRIP = NO;
				DEBUG_INFORMATION_FORMAT = dwarf;
				ENABLE_STRICT_OBJC_MSGSEND = YES;
				ENABLE_TESTABILITY = YES;
				GCC_C_LANGUAGE_STANDARD = gnu99;
				GCC_DYNAMIC_NO_PIC = NO;
				GCC_NO_COMMON_BLOCKS = YES;
				GCC_OPTIMIZATION_LEVEL = 0;
				GCC_PREPROCESSOR_DEFINITIONS = (
					"DEBUG=1",
					"$(inherited)",
				);
				GCC_WARN_64_TO_32_BIT_CONVERSION = YES;
				GCC_WARN_ABOUT_RETURN_TYPE = YES_ERROR;
				GCC_WARN_UNDECLARED_SELECTOR = YES;
				GCC_WARN_UNINITIALIZED_AUTOS = YES_AGGRESSIVE;
				GCC_WARN_UNUSED_FUNCTION = YES;
				GCC_WARN_UNUSED_VARIABLE = YES;
				IPHONEOS_DEPLOYMENT_TARGET = 10.1;
				MTL_ENABLE_DEBUG_INFO = YES;
				ONLY_ACTIVE_ARCH = YES;
				SDKROOT = iphoneos;
				SWIFT_ACTIVE_COMPILATION_CONDITIONS = DEBUG;
				SWIFT_OPTIMIZATION_LEVEL = "-Onone";
				TARGETED_DEVICE_FAMILY = "1,2";
			};
			name = Debug;
		};
		8BC022431E6860EE0064EC8A /* Release */ = {
			isa = XCBuildConfiguration;
			buildSettings = {
				ALWAYS_SEARCH_USER_PATHS = NO;
				CLANG_ANALYZER_NONNULL = YES;
				CLANG_CXX_LANGUAGE_STANDARD = "gnu++0x";
				CLANG_CXX_LIBRARY = "libc++";
				CLANG_ENABLE_MODULES = YES;
				CLANG_ENABLE_OBJC_ARC = YES;
				CLANG_WARN_BOOL_CONVERSION = YES;
				CLANG_WARN_CONSTANT_CONVERSION = YES;
				CLANG_WARN_DIRECT_OBJC_ISA_USAGE = YES_ERROR;
				CLANG_WARN_DOCUMENTATION_COMMENTS = YES;
				CLANG_WARN_EMPTY_BODY = YES;
				CLANG_WARN_ENUM_CONVERSION = YES;
				CLANG_WARN_INFINITE_RECURSION = YES;
				CLANG_WARN_INT_CONVERSION = YES;
				CLANG_WARN_OBJC_ROOT_CLASS = YES_ERROR;
				CLANG_WARN_SUSPICIOUS_MOVES = YES;
				CLANG_WARN_UNREACHABLE_CODE = YES;
				CLANG_WARN__DUPLICATE_METHOD_MATCH = YES;
				"CODE_SIGN_IDENTITY[sdk=iphoneos*]" = "iPhone Developer";
				COPY_PHASE_STRIP = NO;
				DEBUG_INFORMATION_FORMAT = "dwarf-with-dsym";
				ENABLE_NS_ASSERTIONS = NO;
				ENABLE_STRICT_OBJC_MSGSEND = YES;
				GCC_C_LANGUAGE_STANDARD = gnu99;
				GCC_NO_COMMON_BLOCKS = YES;
				GCC_WARN_64_TO_32_BIT_CONVERSION = YES;
				GCC_WARN_ABOUT_RETURN_TYPE = YES_ERROR;
				GCC_WARN_UNDECLARED_SELECTOR = YES;
				GCC_WARN_UNINITIALIZED_AUTOS = YES_AGGRESSIVE;
				GCC_WARN_UNUSED_FUNCTION = YES;
				GCC_WARN_UNUSED_VARIABLE = YES;
				IPHONEOS_DEPLOYMENT_TARGET = 10.1;
				MTL_ENABLE_DEBUG_INFO = NO;
				SDKROOT = iphoneos;
				SWIFT_OPTIMIZATION_LEVEL = "-Owholemodule";
				TARGETED_DEVICE_FAMILY = "1,2";
				VALIDATE_PRODUCT = YES;
			};
			name = Release;
		};
		8BC022451E6860EE0064EC8A /* Debug */ = {
			isa = XCBuildConfiguration;
			buildSettings = {
				ASSETCATALOG_COMPILER_APPICON_NAME = AppIcon;
				INFOPLIST_FILE = FoodTracker/Info.plist;
				LD_RUNPATH_SEARCH_PATHS = "$(inherited) @executable_path/Frameworks";
				PRODUCT_BUNDLE_IDENTIFIER = com.example.FoodTracker;
				PRODUCT_NAME = "$(TARGET_NAME)";
				SWIFT_VERSION = 3.0;
			};
			name = Debug;
		};
		8BC022461E6860EE0064EC8A /* Release */ = {
			isa = XCBuildConfiguration;
			buildSettings = {
				ASSETCATALOG_COMPILER_APPICON_NAME = AppIcon;
				INFOPLIST_FILE = FoodTracker/Info.plist;
				LD_RUNPATH_SEARCH_PATHS = "$(inherited) @executable_path/Frameworks";
				PRODUCT_BUNDLE_IDENTIFIER = com.example.FoodTracker;
				PRODUCT_NAME = "$(TARGET_NAME)";
				SWIFT_VERSION = 3.0;
			};
			name = Release;
		};
		8BC022481E6860EE0064EC8A /* Debug */ = {
			isa = XCBuildConfiguration;
			buildSettings = {
				ALWAYS_EMBED_SWIFT_STANDARD_LIBRARIES = YES;
				BUNDLE_LOADER = "$(TEST_HOST)";
				INFOPLIST_FILE = FoodTrackerTests/Info.plist;
				LD_RUNPATH_SEARCH_PATHS = "$(inherited) @executable_path/Frameworks @loader_path/Frameworks";
				PRODUCT_BUNDLE_IDENTIFIER = com.example.FoodTrackerTests;
				PRODUCT_NAME = "$(TARGET_NAME)";
				SWIFT_VERSION = 3.0;
				TEST_HOST = "$(BUILT_PRODUCTS_DIR)/FoodTracker.app/FoodTracker";
			};
			name = Debug;
		};
		8BC022491E6860EE0064EC8A /* Release */ = {
			isa = XCBuildConfiguration;
			buildSettings = {
				ALWAYS_EMBED_SWIFT_STANDARD_LIBRARIES = YES;
				BUNDLE_LOADER = "$(TEST_HOST)";
				INFOPLIST_FILE = FoodTrackerTests/Info.plist;
				LD_RUNPATH_SEARCH_PATHS = "$(inherited) @executable_path/Frameworks @loader_path/Frameworks";
				PRODUCT_BUNDLE_IDENTIFIER = com.example.FoodTrackerTests;
				PRODUCT_NAME = "$(TARGET_NAME)";
				SWIFT_VERSION = 3.0;
				TEST_HOST = "$(BUILT_PRODUCTS_DIR)/FoodTracker.app/FoodTracker";
			};
			name = Release;
		};
/* End XCBuildConfiguration section */

/* Begin XCConfigurationList section */
		8BC022221E6860EE0064EC8A /* Build configuration list for PBXProject "FoodTracker" */ = {
			isa = XCConfigurationList;
			buildConfigurations = (
				8BC022421E6860EE0064EC8A /* Debug */,
				8BC022431E6860EE0064EC8A /* Release */,
			);
			defaultConfigurationIsVisible = 0;
			defaultConfigurationName = Release;
		};
		8BC022441E6860EE0064EC8A /* Build configuration list for PBXNativeTarget "FoodTracker" */ = {
			isa = XCConfigurationList;
			buildConfigurations = (
				8BC022451E6860EE0064EC8A /* Debug */,
				8BC022461E6860EE0064EC8A /* Release */,
			);
			defaultConfigurationIsVisible = 0;
		};
		8BC022471E6860EE0064EC8A /* Build configuration list for PBXNativeTarget "FoodTrackerTests" */ = {
			isa = XCConfigurationList;
			buildConfigurations = (
				8BC022481E6860EE0064EC8A /* Debug */,
				8BC022491E6860EE0064EC8A /* Release */,
			);
			defaultConfigurationIsVisible = 0;
		};
/* End XCConfigurationList section */
	};
	rootObject = 8BC0221F1E6860EE0064EC8A /* Project object */;
}
