// !$*UTF8*$!
{
	archiveVersion = 1;
	classes = {
	};
	objectVersion = 46;
	objects = {

/* Begin PBXBuildFile section */
		8B047BB71E786967001F227F /* AppDelegate.swift in Sources */ = {isa = PBXBuildFile; fileRef = 8B047BB61E786967001F227F /* AppDelegate.swift */; };
		8B047BB91E786967001F227F /* ViewController.swift in Sources */ = {isa = PBXBuildFile; fileRef = 8B047BB81E786967001F227F /* ViewController.swift */; };
		8B047BBC1E786967001F227F /* Main.storyboard in Resources */ = {isa = PBXBuildFile; fileRef = 8B047BBA1E786967001F227F /* Main.storyboard */; };
		8B047BBE1E786967001F227F /* Assets.xcassets in Resources */ = {isa = PBXBuildFile; fileRef = 8B047BBD1E786967001F227F /* Assets.xcassets */; };
		8B047BC11E786967001F227F /* LaunchScreen.storyboard in Resources */ = {isa = PBXBuildFile; fileRef = 8B047BBF1E786967001F227F /* LaunchScreen.storyboard */; };
		8B047C411E7C9271001F227F /* cachorro.png in Resources */ = {isa = PBXBuildFile; fileRef = 8B047C401E7C9271001F227F /* cachorro.png */; };
/* End PBXBuildFile section */

/* Begin PBXFileReference section */
		8B047BB31E786967001F227F /* App1.app */ = {isa = PBXFileReference; explicitFileType = wrapper.application; includeInIndex = 0; path = App1.app; sourceTree = BUILT_PRODUCTS_DIR; };
		8B047BB61E786967001F227F /* AppDelegate.swift */ = {isa = PBXFileReference; lastKnownFileType = sourcecode.swift; path = AppDelegate.swift; sourceTree = "<group>"; };
		8B047BB81E786967001F227F /* ViewController.swift */ = {isa = PBXFileReference; lastKnownFileType = sourcecode.swift; path = ViewController.swift; sourceTree = "<group>"; };
		8B047BBB1E786967001F227F /* Base */ = {isa = PBXFileReference; lastKnownFileType = file.storyboard; name = Base; path = Base.lproj/Main.storyboard; sourceTree = "<group>"; };
		8B047BBD1E786967001F227F /* Assets.xcassets */ = {isa = PBXFileReference; lastKnownFileType = folder.assetcatalog; path = Assets.xcassets; sourceTree = "<group>"; };
		8B047BC01E786967001F227F /* Base */ = {isa = PBXFileReference; lastKnownFileType = file.storyboard; name = Base; path = Base.lproj/LaunchScreen.storyboard; sourceTree = "<group>"; };
		8B047BC21E786967001F227F /* Info.plist */ = {isa = PBXFileReference; lastKnownFileType = text.plist.xml; path = Info.plist; sourceTree = "<group>"; };
		8B047C401E7C9271001F227F /* cachorro.png */ = {isa = PBXFileReference; lastKnownFileType = image.png; path = cachorro.png; sourceTree = "<group>"; };
/* End PBXFileReference section */

/* Begin PBXFrameworksBuildPhase section */
		8B047BB01E786966001F227F /* Frameworks */ = {
			isa = PBXFrameworksBuildPhase;
			buildActionMask = 2147483647;
			files = (
			);
			runOnlyForDeploymentPostprocessing = 0;
		};
/* End PBXFrameworksBuildPhase section */

/* Begin PBXGroup section */
		8B047BAA1E786966001F227F = {
			isa = PBXGroup;
			children = (
				8B047BB51E786967001F227F /* App1 */,
				8B047BB41E786967001F227F /* Products */,
			);
			sourceTree = "<group>";
		};
		8B047BB41E786967001F227F /* Products */ = {
			isa = PBXGroup;
			children = (
				8B047BB31E786967001F227F /* App1.app */,
			);
			name = Products;
			sourceTree = "<group>";
		};
		8B047BB51E786967001F227F /* App1 */ = {
			isa = PBXGroup;
			children = (
				8B047C401E7C9271001F227F /* cachorro.png */,
				8B047BB61E786967001F227F /* AppDelegate.swift */,
				8B047BB81E786967001F227F /* ViewController.swift */,
				8B047BBA1E786967001F227F /* Main.storyboard */,
				8B047BBD1E786967001F227F /* Assets.xcassets */,
				8B047BBF1E786967001F227F /* LaunchScreen.storyboard */,
				8B047BC21E786967001F227F /* Info.plist */,
			);
			path = App1;
			sourceTree = "<group>";
		};
/* End PBXGroup section */

/* Begin PBXNativeTarget section */
		8B047BB21E786966001F227F /* App1 */ = {
			isa = PBXNativeTarget;
			buildConfigurationList = 8B047BC51E786967001F227F /* Build configuration list for PBXNativeTarget "App1" */;
			buildPhases = (
				8B047BAF1E786966001F227F /* Sources */,
				8B047BB01E786966001F227F /* Frameworks */,
				8B047BB11E786966001F227F /* Resources */,
			);
			buildRules = (
			);
			dependencies = (
			);
			name = App1;
			productName = App1;
			productReference = 8B047BB31E786967001F227F /* App1.app */;
			productType = "com.apple.product-type.application";
		};
/* End PBXNativeTarget section */

/* Begin PBXProject section */
		8B047BAB1E786966001F227F /* Project object */ = {
			isa = PBXProject;
			attributes = {
				LastSwiftUpdateCheck = 0810;
				LastUpgradeCheck = 0810;
				ORGANIZATIONNAME = Me;
				TargetAttributes = {
					8B047BB21E786966001F227F = {
						CreatedOnToolsVersion = 8.1;
						ProvisioningStyle = Automatic;
					};
				};
			};
			buildConfigurationList = 8B047BAE1E786966001F227F /* Build configuration list for PBXProject "App1" */;
			compatibilityVersion = "Xcode 3.2";
			developmentRegion = English;
			hasScannedForEncodings = 0;
			knownRegions = (
				en,
				Base,
			);
			mainGroup = 8B047BAA1E786966001F227F;
			productRefGroup = 8B047BB41E786967001F227F /* Products */;
			projectDirPath = "";
			projectRoot = "";
			targets = (
				8B047BB21E786966001F227F /* App1 */,
			);
		};
/* End PBXProject section */

/* Begin PBXResourcesBuildPhase section */
		8B047BB11E786966001F227F /* Resources */ = {
			isa = PBXResourcesBuildPhase;
			buildActionMask = 2147483647;
			files = (
				8B047C411E7C9271001F227F /* cachorro.png in Resources */,
				8B047BC11E786967001F227F /* LaunchScreen.storyboard in Resources */,
				8B047BBE1E786967001F227F /* Assets.xcassets in Resources */,
				8B047BBC1E786967001F227F /* Main.storyboard in Resources */,
			);
			runOnlyForDeploymentPostprocessing = 0;
		};
/* End PBXResourcesBuildPhase section */

/* Begin PBXSourcesBuildPhase section */
		8B047BAF1E786966001F227F /* Sources */ = {
			isa = PBXSourcesBuildPhase;
			buildActionMask = 2147483647;
			files = (
				8B047BB91E786967001F227F /* ViewController.swift in Sources */,
				8B047BB71E786967001F227F /* AppDelegate.swift in Sources */,
			);
			runOnlyForDeploymentPostprocessing = 0;
		};
/* End PBXSourcesBuildPhase section */

/* Begin PBXVariantGroup section */
		8B047BBA1E786967001F227F /* Main.storyboard */ = {
			isa = PBXVariantGroup;
			children = (
				8B047BBB1E786967001F227F /* Base */,
			);
			name = Main.storyboard;
			sourceTree = "<group>";
		};
		8B047BBF1E786967001F227F /* LaunchScreen.storyboard */ = {
			isa = PBXVariantGroup;
			children = (
				8B047BC01E786967001F227F /* Base */,
			);
			name = LaunchScreen.storyboard;
			sourceTree = "<group>";
		};
/* End PBXVariantGroup section */

/* Begin XCBuildConfiguration section */
		8B047BC31E786967001F227F /* Debug */ = {
			isa = XCBuildConfiguration;
			buildSettings = {
				ALWAYS_SEARCH_USER_PATHS = NO;
				CLANG_ANALYZER_NONNULL = YES;
				CLANG_CXX_LANGUAGE_STANDARD = "gnu++0x";
				CLANG_CXX_LIBRARY = "libc++";
				CLANG_ENABLE_MODULES = YES;
				CLANG_ENABLE_OBJC_ARC = YES;
				CLANG_WARN_BOOL_CONVERSION = YES;
				CLANG_WARN_CONSTANT_CONVERSION = YES;
				CLANG_WARN_DIRECT_OBJC_ISA_USAGE = YES_ERROR;
				CLANG_WARN_DOCUMENTATION_COMMENTS = YES;
				CLANG_WARN_EMPTY_BODY = YES;
				CLANG_WARN_ENUM_CONVERSION = YES;
				CLANG_WARN_INFINITE_RECURSION = YES;
				CLANG_WARN_INT_CONVERSION = YES;
				CLANG_WARN_OBJC_ROOT_CLASS = YES_ERROR;
				CLANG_WARN_SUSPICIOUS_MOVES = YES;
				CLANG_WARN_UNREACHABLE_CODE = YES;
				CLANG_WARN__DUPLICATE_METHOD_MATCH = YES;
				"CODE_SIGN_IDENTITY[sdk=iphoneos*]" = "iPhone Developer";
				COPY_PHASE_STRIP = NO;
				DEBUG_INFORMATION_FORMAT = dwarf;
				ENABLE_STRICT_OBJC_MSGSEND = YES;
				ENABLE_TESTABILITY = YES;
				GCC_C_LANGUAGE_STANDARD = gnu99;
				GCC_DYNAMIC_NO_PIC = NO;
				GCC_NO_COMMON_BLOCKS = YES;
				GCC_OPTIMIZATION_LEVEL = 0;
				GCC_PREPROCESSOR_DEFINITIONS = (
					"DEBUG=1",
					"$(inherited)",
				);
				GCC_WARN_64_TO_32_BIT_CONVERSION = YES;
				GCC_WARN_ABOUT_RETURN_TYPE = YES_ERROR;
				GCC_WARN_UNDECLARED_SELECTOR = YES;
				GCC_WARN_UNINITIALIZED_AUTOS = YES_AGGRESSIVE;
				GCC_WARN_UNUSED_FUNCTION = YES;
				GCC_WARN_UNUSED_VARIABLE = YES;
				IPHONEOS_DEPLOYMENT_TARGET = 10.1;
				MTL_ENABLE_DEBUG_INFO = YES;
				ONLY_ACTIVE_ARCH = YES;
				SDKROOT = iphoneos;
				SWIFT_ACTIVE_COMPILATION_CONDITIONS = DEBUG;
				SWIFT_OPTIMIZATION_LEVEL = "-Onone";
			};
			name = Debug;
		};
		8B047BC41E786967001F227F /* Release */ = {
			isa = XCBuildConfiguration;
			buildSettings = {
				ALWAYS_SEARCH_USER_PATHS = NO;
				CLANG_ANALYZER_NONNULL = YES;
				CLANG_CXX_LANGUAGE_STANDARD = "gnu++0x";
				CLANG_CXX_LIBRARY = "libc++";
				CLANG_ENABLE_MODULES = YES;
				CLANG_ENABLE_OBJC_ARC = YES;
				CLANG_WARN_BOOL_CONVERSION = YES;
				CLANG_WARN_CONSTANT_CONVERSION = YES;
				CLANG_WARN_DIRECT_OBJC_ISA_USAGE = YES_ERROR;
				CLANG_WARN_DOCUMENTATION_COMMENTS = YES;
				CLANG_WARN_EMPTY_BODY = YES;
				CLANG_WARN_ENUM_CONVERSION = YES;
				CLANG_WARN_INFINITE_RECURSION = YES;
				CLANG_WARN_INT_CONVERSION = YES;
				CLANG_WARN_OBJC_ROOT_CLASS = YES_ERROR;
				CLANG_WARN_SUSPICIOUS_MOVES = YES;
				CLANG_WARN_UNREACHABLE_CODE = YES;
				CLANG_WARN__DUPLICATE_METHOD_MATCH = YES;
				"CODE_SIGN_IDENTITY[sdk=iphoneos*]" = "iPhone Developer";
				COPY_PHASE_STRIP = NO;
				DEBUG_INFORMATION_FORMAT = "dwarf-with-dsym";
				ENABLE_NS_ASSERTIONS = NO;
				ENABLE_STRICT_OBJC_MSGSEND = YES;
				GCC_C_LANGUAGE_STANDARD = gnu99;
				GCC_NO_COMMON_BLOCKS = YES;
				GCC_WARN_64_TO_32_BIT_CONVERSION = YES;
				GCC_WARN_ABOUT_RETURN_TYPE = YES_ERROR;
				GCC_WARN_UNDECLARED_SELECTOR = YES;
				GCC_WARN_UNINITIALIZED_AUTOS = YES_AGGRESSIVE;
				GCC_WARN_UNUSED_FUNCTION = YES;
				GCC_WARN_UNUSED_VARIABLE = YES;
				IPHONEOS_DEPLOYMENT_TARGET = 10.1;
				MTL_ENABLE_DEBUG_INFO = NO;
				SDKROOT = iphoneos;
				SWIFT_OPTIMIZATION_LEVEL = "-Owholemodule";
				VALIDATE_PRODUCT = YES;
			};
			name = Release;
		};
		8B047BC61E786967001F227F /* Debug */ = {
			isa = XCBuildConfiguration;
			buildSettings = {
				ASSETCATALOG_COMPILER_APPICON_NAME = AppIcon;
				INFOPLIST_FILE = App1/Info.plist;
				LD_RUNPATH_SEARCH_PATHS = "$(inherited) @executable_path/Frameworks";
				PRODUCT_BUNDLE_IDENTIFIER = com.example.App1;
				PRODUCT_NAME = "$(TARGET_NAME)";
				SWIFT_VERSION = 3.0;
			};
			name = Debug;
		};
		8B047BC71E786967001F227F /* Release */ = {
			isa = XCBuildConfiguration;
			buildSettings = {
				ASSETCATALOG_COMPILER_APPICON_NAME = AppIcon;
				INFOPLIST_FILE = App1/Info.plist;
				LD_RUNPATH_SEARCH_PATHS = "$(inherited) @executable_path/Frameworks";
				PRODUCT_BUNDLE_IDENTIFIER = com.example.App1;
				PRODUCT_NAME = "$(TARGET_NAME)";
				SWIFT_VERSION = 3.0;
			};
			name = Release;
		};
/* End XCBuildConfiguration section */

/* Begin XCConfigurationList section */
		8B047BAE1E786966001F227F /* Build configuration list for PBXProject "App1" */ = {
			isa = XCConfigurationList;
			buildConfigurations = (
				8B047BC31E786967001F227F /* Debug */,
				8B047BC41E786967001F227F /* Release */,
			);
			defaultConfigurationIsVisible = 0;
			defaultConfigurationName = Release;
		};
		8B047BC51E786967001F227F /* Build configuration list for PBXNativeTarget "App1" */ = {
			isa = XCConfigurationList;
			buildConfigurations = (
				8B047BC61E786967001F227F /* Debug */,
				8B047BC71E786967001F227F /* Release */,
			);
			defaultConfigurationIsVisible = 0;
			defaultConfigurationName = Release;
		};
/* End XCConfigurationList section */
	};
	rootObject = 8B047BAB1E786966001F227F /* Project object */;
}
