// !$*UTF8*$!
{
	archiveVersion = 1;
	classes = {
	};
	objectVersion = 46;
	objects = {

/* Begin PBXBuildFile section */
		8B805EAB1F06EAC800D9BCF9 /* AppDelegate.swift in Sources */ = {isa = PBXBuildFile; fileRef = 8B805EAA1F06EAC800D9BCF9 /* AppDelegate.swift */; };
		8B805EAD1F06EAC800D9BCF9 /* ViewController.swift in Sources */ = {isa = PBXBuildFile; fileRef = 8B805EAC1F06EAC800D9BCF9 /* ViewController.swift */; };
		8B805EB01F06EAC800D9BCF9 /* Main.storyboard in Resources */ = {isa = PBXBuildFile; fileRef = 8B805EAE1F06EAC800D9BCF9 /* Main.storyboard */; };
		8B805EB21F06EAC800D9BCF9 /* Assets.xcassets in Resources */ = {isa = PBXBuildFile; fileRef = 8B805EB11F06EAC800D9BCF9 /* Assets.xcassets */; };
		8B805EB51F06EAC800D9BCF9 /* LaunchScreen.storyboard in Resources */ = {isa = PBXBuildFile; fileRef = 8B805EB31F06EAC800D9BCF9 /* LaunchScreen.storyboard */; };
		8B805EBD1F06EC4C00D9BCF9 /* cachorro.png in Resources */ = {isa = PBXBuildFile; fileRef = 8B805EBC1F06EC4C00D9BCF9 /* cachorro.png */; };
/* End PBXBuildFile section */

/* Begin PBXFileReference section */
		8B805EA71F06EAC800D9BCF9 /* Dog.app */ = {isa = PBXFileReference; explicitFileType = wrapper.application; includeInIndex = 0; path = Dog.app; sourceTree = BUILT_PRODUCTS_DIR; };
		8B805EAA1F06EAC800D9BCF9 /* AppDelegate.swift */ = {isa = PBXFileReference; lastKnownFileType = sourcecode.swift; path = AppDelegate.swift; sourceTree = "<group>"; };
		8B805EAC1F06EAC800D9BCF9 /* ViewController.swift */ = {isa = PBXFileReference; lastKnownFileType = sourcecode.swift; path = ViewController.swift; sourceTree = "<group>"; };
		8B805EAF1F06EAC800D9BCF9 /* Base */ = {isa = PBXFileReference; lastKnownFileType = file.storyboard; name = Base; path = Base.lproj/Main.storyboard; sourceTree = "<group>"; };
		8B805EB11F06EAC800D9BCF9 /* Assets.xcassets */ = {isa = PBXFileReference; lastKnownFileType = folder.assetcatalog; path = Assets.xcassets; sourceTree = "<group>"; };
		8B805EB41F06EAC800D9BCF9 /* Base */ = {isa = PBXFileReference; lastKnownFileType = file.storyboard; name = Base; path = Base.lproj/LaunchScreen.storyboard; sourceTree = "<group>"; };
		8B805EB61F06EAC800D9BCF9 /* Info.plist */ = {isa = PBXFileReference; lastKnownFileType = text.plist.xml; path = Info.plist; sourceTree = "<group>"; };
		8B805EBC1F06EC4C00D9BCF9 /* cachorro.png */ = {isa = PBXFileReference; lastKnownFileType = image.png; path = cachorro.png; sourceTree = "<group>"; };
/* End PBXFileReference section */

/* Begin PBXFrameworksBuildPhase section */
		8B805EA41F06EAC800D9BCF9 /* Frameworks */ = {
			isa = PBXFrameworksBuildPhase;
			buildActionMask = 2147483647;
			files = (
			);
			runOnlyForDeploymentPostprocessing = 0;
		};
/* End PBXFrameworksBuildPhase section */

/* Begin PBXGroup section */
		8B805E9E1F06EAC800D9BCF9 = {
			isa = PBXGroup;
			children = (
				8B805EA91F06EAC800D9BCF9 /* Dog */,
				8B805EA81F06EAC800D9BCF9 /* Products */,
			);
			sourceTree = "<group>";
		};
		8B805EA81F06EAC800D9BCF9 /* Products */ = {
			isa = PBXGroup;
			children = (
				8B805EA71F06EAC800D9BCF9 /* Dog.app */,
			);
			name = Products;
			sourceTree = "<group>";
		};
		8B805EA91F06EAC800D9BCF9 /* Dog */ = {
			isa = PBXGroup;
			children = (
				8B805EBC1F06EC4C00D9BCF9 /* cachorro.png */,
				8B805EAA1F06EAC800D9BCF9 /* AppDelegate.swift */,
				8B805EAC1F06EAC800D9BCF9 /* ViewController.swift */,
				8B805EAE1F06EAC800D9BCF9 /* Main.storyboard */,
				8B805EB11F06EAC800D9BCF9 /* Assets.xcassets */,
				8B805EB31F06EAC800D9BCF9 /* LaunchScreen.storyboard */,
				8B805EB61F06EAC800D9BCF9 /* Info.plist */,
			);
			path = Dog;
			sourceTree = "<group>";
		};
/* End PBXGroup section */

/* Begin PBXNativeTarget section */
		8B805EA61F06EAC800D9BCF9 /* Dog */ = {
			isa = PBXNativeTarget;
			buildConfigurationList = 8B805EB91F06EAC800D9BCF9 /* Build configuration list for PBXNativeTarget "Dog" */;
			buildPhases = (
				8B805EA31F06EAC800D9BCF9 /* Sources */,
				8B805EA41F06EAC800D9BCF9 /* Frameworks */,
				8B805EA51F06EAC800D9BCF9 /* Resources */,
			);
			buildRules = (
			);
			dependencies = (
			);
			name = Dog;
			productName = Dog;
			productReference = 8B805EA71F06EAC800D9BCF9 /* Dog.app */;
			productType = "com.apple.product-type.application";
		};
/* End PBXNativeTarget section */

/* Begin PBXProject section */
		8B805E9F1F06EAC800D9BCF9 /* Project object */ = {
			isa = PBXProject;
			attributes = {
				LastSwiftUpdateCheck = 0810;
				LastUpgradeCheck = 0810;
				ORGANIZATIONNAME = LeandroEstrada;
				TargetAttributes = {
					8B805EA61F06EAC800D9BCF9 = {
						CreatedOnToolsVersion = 8.1;
						ProvisioningStyle = Automatic;
					};
				};
			};
			buildConfigurationList = 8B805EA21F06EAC800D9BCF9 /* Build configuration list for PBXProject "Dog" */;
			compatibilityVersion = "Xcode 3.2";
			developmentRegion = English;
			hasScannedForEncodings = 0;
			knownRegions = (
				en,
				Base,
			);
			mainGroup = 8B805E9E1F06EAC800D9BCF9;
			productRefGroup = 8B805EA81F06EAC800D9BCF9 /* Products */;
			projectDirPath = "";
			projectRoot = "";
			targets = (
				8B805EA61F06EAC800D9BCF9 /* Dog */,
			);
		};
/* End PBXProject section */

/* Begin PBXResourcesBuildPhase section */
		8B805EA51F06EAC800D9BCF9 /* Resources */ = {
			isa = PBXResourcesBuildPhase;
			buildActionMask = 2147483647;
			files = (
				8B805EBD1F06EC4C00D9BCF9 /* cachorro.png in Resources */,
				8B805EB51F06EAC800D9BCF9 /* LaunchScreen.storyboard in Resources */,
				8B805EB21F06EAC800D9BCF9 /* Assets.xcassets in Resources */,
				8B805EB01F06EAC800D9BCF9 /* Main.storyboard in Resources */,
			);
			runOnlyForDeploymentPostprocessing = 0;
		};
/* End PBXResourcesBuildPhase section */

/* Begin PBXSourcesBuildPhase section */
		8B805EA31F06EAC800D9BCF9 /* Sources */ = {
			isa = PBXSourcesBuildPhase;
			buildActionMask = 2147483647;
			files = (
				8B805EAD1F06EAC800D9BCF9 /* ViewController.swift in Sources */,
				8B805EAB1F06EAC800D9BCF9 /* AppDelegate.swift in Sources */,
			);
			runOnlyForDeploymentPostprocessing = 0;
		};
/* End PBXSourcesBuildPhase section */

/* Begin PBXVariantGroup section */
		8B805EAE1F06EAC800D9BCF9 /* Main.storyboard */ = {
			isa = PBXVariantGroup;
			children = (
				8B805EAF1F06EAC800D9BCF9 /* Base */,
			);
			name = Main.storyboard;
			sourceTree = "<group>";
		};
		8B805EB31F06EAC800D9BCF9 /* LaunchScreen.storyboard */ = {
			isa = PBXVariantGroup;
			children = (
				8B805EB41F06EAC800D9BCF9 /* Base */,
			);
			name = LaunchScreen.storyboard;
			sourceTree = "<group>";
		};
/* End PBXVariantGroup section */

/* Begin XCBuildConfiguration section */
		8B805EB71F06EAC800D9BCF9 /* Debug */ = {
			isa = XCBuildConfiguration;
			buildSettings = {
				ALWAYS_SEARCH_USER_PATHS = NO;
				CLANG_ANALYZER_NONNULL = YES;
				CLANG_CXX_LANGUAGE_STANDARD = "gnu++0x";
				CLANG_CXX_LIBRARY = "libc++";
				CLANG_ENABLE_MODULES = YES;
				CLANG_ENABLE_OBJC_ARC = YES;
				CLANG_WARN_BOOL_CONVERSION = YES;
				CLANG_WARN_CONSTANT_CONVERSION = YES;
				CLANG_WARN_DIRECT_OBJC_ISA_USAGE = YES_ERROR;
				CLANG_WARN_DOCUMENTATION_COMMENTS = YES;
				CLANG_WARN_EMPTY_BODY = YES;
				CLANG_WARN_ENUM_CONVERSION = YES;
				CLANG_WARN_INFINITE_RECURSION = YES;
				CLANG_WARN_INT_CONVERSION = YES;
				CLANG_WARN_OBJC_ROOT_CLASS = YES_ERROR;
				CLANG_WARN_SUSPICIOUS_MOVES = YES;
				CLANG_WARN_UNREACHABLE_CODE = YES;
				CLANG_WARN__DUPLICATE_METHOD_MATCH = YES;
				"CODE_SIGN_IDENTITY[sdk=iphoneos*]" = "iPhone Developer";
				COPY_PHASE_STRIP = NO;
				DEBUG_INFORMATION_FORMAT = dwarf;
				ENABLE_STRICT_OBJC_MSGSEND = YES;
				ENABLE_TESTABILITY = YES;
				GCC_C_LANGUAGE_STANDARD = gnu99;
				GCC_DYNAMIC_NO_PIC = NO;
				GCC_NO_COMMON_BLOCKS = YES;
				GCC_OPTIMIZATION_LEVEL = 0;
				GCC_PREPROCESSOR_DEFINITIONS = (
					"DEBUG=1",
					"$(inherited)",
				);
				GCC_WARN_64_TO_32_BIT_CONVERSION = YES;
				GCC_WARN_ABOUT_RETURN_TYPE = YES_ERROR;
				GCC_WARN_UNDECLARED_SELECTOR = YES;
				GCC_WARN_UNINITIALIZED_AUTOS = YES_AGGRESSIVE;
				GCC_WARN_UNUSED_FUNCTION = YES;
				GCC_WARN_UNUSED_VARIABLE = YES;
				IPHONEOS_DEPLOYMENT_TARGET = 10.1;
				MTL_ENABLE_DEBUG_INFO = YES;
				ONLY_ACTIVE_ARCH = YES;
				SDKROOT = iphoneos;
				SWIFT_ACTIVE_COMPILATION_CONDITIONS = DEBUG;
				SWIFT_OPTIMIZATION_LEVEL = "-Onone";
			};
			name = Debug;
		};
		8B805EB81F06EAC800D9BCF9 /* Release */ = {
			isa = XCBuildConfiguration;
			buildSettings = {
				ALWAYS_SEARCH_USER_PATHS = NO;
				CLANG_ANALYZER_NONNULL = YES;
				CLANG_CXX_LANGUAGE_STANDARD = "gnu++0x";
				CLANG_CXX_LIBRARY = "libc++";
				CLANG_ENABLE_MODULES = YES;
				CLANG_ENABLE_OBJC_ARC = YES;
				CLANG_WARN_BOOL_CONVERSION = YES;
				CLANG_WARN_CONSTANT_CONVERSION = YES;
				CLANG_WARN_DIRECT_OBJC_ISA_USAGE = YES_ERROR;
				CLANG_WARN_DOCUMENTATION_COMMENTS = YES;
				CLANG_WARN_EMPTY_BODY = YES;
				CLANG_WARN_ENUM_CONVERSION = YES;
				CLANG_WARN_INFINITE_RECURSION = YES;
				CLANG_WARN_INT_CONVERSION = YES;
				CLANG_WARN_OBJC_ROOT_CLASS = YES_ERROR;
				CLANG_WARN_SUSPICIOUS_MOVES = YES;
				CLANG_WARN_UNREACHABLE_CODE = YES;
				CLANG_WARN__DUPLICATE_METHOD_MATCH = YES;
				"CODE_SIGN_IDENTITY[sdk=iphoneos*]" = "iPhone Developer";
				COPY_PHASE_STRIP = NO;
				DEBUG_INFORMATION_FORMAT = "dwarf-with-dsym";
				ENABLE_NS_ASSERTIONS = NO;
				ENABLE_STRICT_OBJC_MSGSEND = YES;
				GCC_C_LANGUAGE_STANDARD = gnu99;
				GCC_NO_COMMON_BLOCKS = YES;
				GCC_WARN_64_TO_32_BIT_CONVERSION = YES;
				GCC_WARN_ABOUT_RETURN_TYPE = YES_ERROR;
				GCC_WARN_UNDECLARED_SELECTOR = YES;
				GCC_WARN_UNINITIALIZED_AUTOS = YES_AGGRESSIVE;
				GCC_WARN_UNUSED_FUNCTION = YES;
				GCC_WARN_UNUSED_VARIABLE = YES;
				IPHONEOS_DEPLOYMENT_TARGET = 10.1;
				MTL_ENABLE_DEBUG_INFO = NO;
				SDKROOT = iphoneos;
				SWIFT_OPTIMIZATION_LEVEL = "-Owholemodule";
				VALIDATE_PRODUCT = YES;
			};
			name = Release;
		};
		8B805EBA1F06EAC800D9BCF9 /* Debug */ = {
			isa = XCBuildConfiguration;
			buildSettings = {
				ASSETCATALOG_COMPILER_APPICON_NAME = AppIcon;
				INFOPLIST_FILE = Dog/Info.plist;
				LD_RUNPATH_SEARCH_PATHS = "$(inherited) @executable_path/Frameworks";
				PRODUCT_BUNDLE_IDENTIFIER = com.leandroestrada.Dog;
				PRODUCT_NAME = "$(TARGET_NAME)";
				SWIFT_VERSION = 3.0;
			};
			name = Debug;
		};
		8B805EBB1F06EAC800D9BCF9 /* Release */ = {
			isa = XCBuildConfiguration;
			buildSettings = {
				ASSETCATALOG_COMPILER_APPICON_NAME = AppIcon;
				INFOPLIST_FILE = Dog/Info.plist;
				LD_RUNPATH_SEARCH_PATHS = "$(inherited) @executable_path/Frameworks";
				PRODUCT_BUNDLE_IDENTIFIER = com.leandroestrada.Dog;
				PRODUCT_NAME = "$(TARGET_NAME)";
				SWIFT_VERSION = 3.0;
			};
			name = Release;
		};
/* End XCBuildConfiguration section */

/* Begin XCConfigurationList section */
		8B805EA21F06EAC800D9BCF9 /* Build configuration list for PBXProject "Dog" */ = {
			isa = XCConfigurationList;
			buildConfigurations = (
				8B805EB71F06EAC800D9BCF9 /* Debug */,
				8B805EB81F06EAC800D9BCF9 /* Release */,
			);
			defaultConfigurationIsVisible = 0;
			defaultConfigurationName = Release;
		};
		8B805EB91F06EAC800D9BCF9 /* Build configuration list for PBXNativeTarget "Dog" */ = {
			isa = XCConfigurationList;
			buildConfigurations = (
				8B805EBA1F06EAC800D9BCF9 /* Debug */,
				8B805EBB1F06EAC800D9BCF9 /* Release */,
			);
			defaultConfigurationIsVisible = 0;
		};
/* End XCConfigurationList section */
	};
	rootObject = 8B805E9F1F06EAC800D9BCF9 /* Project object */;
}
